
Microsoft Visual Studio Solution File, Format Version 11.00
# Visual C++ Express 2010
Project("{8BC9CEB8-8B4A-11D0-8D11-00A0C91BC942}") = "Chapter21Exercise11", "Chapter21Exercise11\Chapter21Exercise11.vcxproj", "{67FC429D-59BF-4909-A91D-A73B690F1292}"
EndProject
Global
	GlobalSection(SolutionConfigurationPlatforms) = preSolution
		Debug|Win32 = Debug|Win32
		Release|Win32 = Release|Win32
	EndGlobalSection
	GlobalSection(ProjectConfigurationPlatforms) = postSolution
		{67FC429D-59BF-4909-A91D-A73B690F1292}.Debug|Win32.ActiveCfg = Debug|Win32
		{67FC429D-59BF-4909-A91D-A73B690F1292}.Debug|Win32.Build.0 = Debug|Win32
		{67FC429D-59BF-4909-A91D-A73B690F1292}.Release|Win32.ActiveCfg = Release|Win32
		{67FC429D-59BF-4909-A91D-A73B690F1292}.Release|Win32.Build.0 = Release|Win32
	EndGlobalSection
	GlobalSection(SolutionProperties) = preSolution
		HideSolutionNode = FALSE
	EndGlobalSection
EndGlobal
